{
    "_readme": [
        "This file locks the dependencies of your project to a known state",
        "Read more about it at http://getcomposer.org/doc/01-basic-usage.md#composer-lock-the-lock-file"
    ],
    "hash": "2834777b8bec35ddb00369c83bc524e6",
    "packages": [
        {
            "name": "michelf/php-markdown",
            "version": "1.3",
            "source": {
                "type": "git",
                "url": "https://github.com/michelf/php-markdown.git",
                "reference": "1.3"
            },
            "dist": {
                "type": "zip",
                "url": "https://api.github.com/repos/michelf/php-markdown/zipball/1.3",
                "reference": "1.3",
                "shasum": ""
            },
            "require": {
                "php": ">=5.3.0"
            },
            "type": "library",
            "extra": {
                "branch-alias": {
                    "dev-lib": "1.3.x-dev"
                }
            },
            "autoload": {
                "psr-0": {
                    "Michelf": ""
                }
            },
            "notification-url": "https://packagist.org/downloads/",
            "license": [
                "BSD-3-Clause"
            ],
            "authors": [
                {
                    "name": "Michel Fortin",
                    "email": "michel.fortin@michelf.ca",
                    "homepage": "http://michelf.ca/",
                    "role": "Developer"
                },
                {
                    "name": "John Gruber",
                    "homepage": "http://daringfireball.net/"
                }
            ],
            "description": "PHP Markdown",
            "homepage": "http://michelf.ca/projects/php-markdown/",
            "keywords": [
                "markdown"
            ],
            "time": "2013-04-11 18:53:11"
        },
        {
            "name": "monolog/monolog",
            "version": "1.5.0",
            "source": {
                "type": "git",
                "url": "https://github.com/Seldaek/monolog.git",
                "reference": "1.5.0"
            },
            "dist": {
                "type": "zip",
                "url": "https://api.github.com/repos/Seldaek/monolog/zipball/1.5.0",
                "reference": "1.5.0",
                "shasum": ""
            },
            "require": {
                "php": ">=5.3.0",
                "psr/log": ">=1.0,<2.0"
            },
            "require-dev": {
                "doctrine/couchdb": "dev-master",
                "mlehner/gelf-php": "1.0.*",
                "raven/raven": "0.3.*"
            },
            "suggest": {
                "doctrine/couchdb": "Allow sending log messages to a CouchDB server",
                "ext-amqp": "Allow sending log messages to an AMQP server (1.0+ required)",
                "ext-mongo": "Allow sending log messages to a MongoDB server",
                "mlehner/gelf-php": "Allow sending log messages to a GrayLog2 server",
                "raven/raven": "Allow sending log messages to a Sentry server"
            },
            "type": "library",
            "extra": {
                "branch-alias": {
                    "dev-master": "1.4.x-dev"
                }
            },
            "autoload": {
                "psr-0": {
                    "Monolog": "src/"
                }
            },
            "notification-url": "https://packagist.org/downloads/",
            "license": [
                "MIT"
            ],
            "authors": [
                {
                    "name": "Jordi Boggiano",
                    "email": "j.boggiano@seld.be",
                    "homepage": "http://seld.be",
                    "role": "Developer"
                }
            ],
            "description": "Sends your logs to files, sockets, inboxes, databases and various web services",
            "homepage": "http://github.com/Seldaek/monolog",
            "keywords": [
                "log",
                "logging",
                "psr-3"
            ],
            "time": "2013-04-23 10:09:48"
        },
        {
            "name": "psr/log",
            "version": "1.0.0",
            "source": {
                "type": "git",
                "url": "https://github.com/php-fig/log",
                "reference": "1.0.0"
            },
            "dist": {
                "type": "zip",
                "url": "https://github.com/php-fig/log/archive/1.0.0.zip",
                "reference": "1.0.0",
                "shasum": ""
            },
            "type": "library",
            "autoload": {
                "psr-0": {
                    "Psr\\Log\\": ""
                }
            },
            "notification-url": "https://packagist.org/downloads/",
            "license": [
                "MIT"
            ],
            "authors": [
                {
                    "name": "PHP-FIG",
                    "homepage": "http://www.php-fig.org/"
                }
            ],
            "description": "Common interface for logging libraries",
            "keywords": [
                "log",
                "psr",
                "psr-3"
            ],
            "time": "2012-12-21 11:40:51"
        },
        {
            "name": "wscore/cena",
            "version": "dev-master",
            "source": {
                "type": "git",
                "url": "https://github.com/asaokamei/WScore.Cena.git",
                "reference": "d908bd444bda81d9007ce149d1a66307b0b02d22"
            },
            "dist": {
                "type": "zip",
                "url": "https://api.github.com/repos/asaokamei/WScore.Cena/zipball/d908bd444bda81d9007ce149d1a66307b0b02d22",
                "reference": "d908bd444bda81d9007ce149d1a66307b0b02d22",
                "shasum": ""
            },
            "require": {
                "wscore/datamapper": "dev-master"
            },
            "type": "library",
            "autoload": {
                "psr-0": {
                    "WScore\\Cena": "src/"
                }
            },
            "notification-url": "https://packagist.org/downloads/",
            "authors": [
                {
                    "name": "Asao Kamei",
                    "email": "kamei@workspot.jp"
                }
            ],
            "description": "Resource oriented data transfer agent.",
            "time": "2013-07-20 22:04:30"
        },
        {
            "name": "wscore/datamapper",
            "version": "dev-master",
            "source": {
                "type": "git",
                "url": "https://github.com/asaokamei/WScore.DataMapper.git",
                "reference": "3ec35a963c9227dfedf4a9d87493b5506fd76e1d"
            },
            "dist": {
                "type": "zip",
                "url": "https://api.github.com/repos/asaokamei/WScore.DataMapper/zipball/3ec35a963c9227dfedf4a9d87493b5506fd76e1d",
                "reference": "3ec35a963c9227dfedf4a9d87493b5506fd76e1d",
                "shasum": ""
            },
            "require": {
                "wscore/dbaccess": "dev-master",
                "wscore/dicontainer": "dev-master",
                "wscore/html": "dev-master",
                "wscore/validation": "dev-master"
            },
            "type": "library",
            "autoload": {
                "psr-0": {
                    "WScore\\DataMapper": "src/",
                    "WScore\\Selector": "src/"
                }
            },
            "notification-url": "https://packagist.org/downloads/",
            "authors": [
                {
                    "name": "Asao Kamei",
                    "email": "kamei@workspot.jp"
                }
            ],
            "description": "DataMapper.",
            "time": "2013-07-28 07:45:30"
        },
        {
            "name": "wscore/dbaccess",
            "version": "dev-master",
            "source": {
                "type": "git",
                "url": "https://github.com/asaokamei/WScore.DbAccess.git",
                "reference": "d31d1061063f3d323807e99d031def458a497dab"
            },
            "dist": {
                "type": "zip",
                "url": "https://api.github.com/repos/asaokamei/WScore.DbAccess/zipball/d31d1061063f3d323807e99d031def458a497dab",
                "reference": "d31d1061063f3d323807e99d031def458a497dab",
                "shasum": ""
            },
            "require": {
                "psr/log": "~1.0"
            },
            "type": "library",
            "autoload": {
                "psr-0": {
                    "WScore\\DbAccess": "src/"
                }
            },
            "notification-url": "https://packagist.org/downloads/",
            "authors": [
                {
                    "name": "Asao Kamei",
                    "email": "kamei@workspot.jp"
                }
            ],
            "description": "Database access and query builder.",
            "time": "2013-06-13 12:13:16"
        },
        {
            "name": "wscore/dicontainer",
            "version": "dev-master",
            "source": {
                "type": "git",
                "url": "https://github.com/asaokamei/WScore.DiContainer.git",
                "reference": "c22f19c596c0ef8eb435634efdb73ac7510ccf65"
            },
            "dist": {
                "type": "zip",
                "url": "https://api.github.com/repos/asaokamei/WScore.DiContainer/zipball/c22f19c596c0ef8eb435634efdb73ac7510ccf65",
                "reference": "c22f19c596c0ef8eb435634efdb73ac7510ccf65",
                "shasum": ""
            },
            "type": "library",
            "autoload": {
                "psr-0": {
                    "WScore\\DiContainer": "src/"
                }
            },
            "notification-url": "https://packagist.org/downloads/",
            "authors": [
                {
                    "name": "Asao Kamei",
                    "email": "kamei@workspot.jp"
                }
            ],
            "description": "Simple DI container with auto-wiring.",
            "time": "2013-07-28 08:56:53"
        },
        {
            "name": "wscore/html",
            "version": "dev-master",
            "source": {
                "type": "git",
                "url": "https://github.com/asaokamei/WScore.Html.git",
                "reference": "f9d137bc2755c0cbf2a92216ad16126ab862e31b"
            },
            "dist": {
                "type": "zip",
                "url": "https://api.github.com/repos/asaokamei/WScore.Html/zipball/f9d137bc2755c0cbf2a92216ad16126ab862e31b",
                "reference": "f9d137bc2755c0cbf2a92216ad16126ab862e31b",
                "shasum": ""
            },
            "type": "library",
            "autoload": {
                "psr-0": {
                    "WScore\\Html": "src/"
                }
            },
            "notification-url": "https://packagist.org/downloads/",
            "authors": [
                {
                    "name": "Asao Kamei",
                    "email": "kamei@workspot.jp"
                }
            ],
            "description": "Html tag generator classes.",
            "time": "2013-04-03 00:21:06"
        },
        {
            "name": "wscore/http",
            "version": "dev-master",
            "source": {
                "type": "git",
                "url": "https://github.com/asaokamei/WScore.Http.git",
                "reference": "dc21b103d0c3040ca1744c3969f9c40d9416c1e1"
            },
            "dist": {
                "type": "zip",
                "url": "https://api.github.com/repos/asaokamei/WScore.Http/zipball/dc21b103d0c3040ca1744c3969f9c40d9416c1e1",
                "reference": "dc21b103d0c3040ca1744c3969f9c40d9416c1e1",
                "shasum": ""
            },
            "type": "library",
            "notification-url": "https://packagist.org/downloads/",
            "authors": [
                {
                    "name": "Asao",
                    "email": "kamei@workspot.jp"
                }
            ],
            "description": "classes for http.",
            "time": "2013-06-13 10:51:26"
        },
        {
            "name": "wscore/template",
            "version": "dev-master",
            "source": {
                "type": "git",
                "url": "https://github.com/asaokamei/WScore.Template.git",
                "reference": "ea701a72a7f84c96512f0fb575426498263f0302"
            },
            "dist": {
                "type": "zip",
                "url": "https://api.github.com/repos/asaokamei/WScore.Template/zipball/ea701a72a7f84c96512f0fb575426498263f0302",
                "reference": "ea701a72a7f84c96512f0fb575426498263f0302",
                "shasum": ""
            },
            "require": {
                "michelf/php-markdown": "1.3"
            },
            "type": "library",
            "autoload": {
                "psr-0": {
                    "WScore\\Template": "src/"
                }
            },
            "notification-url": "https://packagist.org/downloads/",
            "authors": [
                {
                    "name": "Asao Kamei",
                    "email": "kamei@workspot.jp"
                }
            ],
            "description": "A simple template engine using only PHP.",
            "time": "2013-04-20 03:25:46"
        },
        {
            "name": "wscore/validation",
            "version": "dev-master",
            "source": {
                "type": "git",
                "url": "https://github.com/asaokamei/WScore.Validation.git",
                "reference": "7f271a6786d7c3e48cafddb541f4b92bda5c8633"
            },
            "dist": {
                "type": "zip",
                "url": "https://api.github.com/repos/asaokamei/WScore.Validation/zipball/7f271a6786d7c3e48cafddb541f4b92bda5c8633",
                "reference": "7f271a6786d7c3e48cafddb541f4b92bda5c8633",
                "shasum": ""
            },
            "type": "library",
            "autoload": {
                "psr-0": {
                    "WScore\\Validation": "src/"
                }
            },
            "notification-url": "https://packagist.org/downloads/",
            "authors": [
                {
                    "name": "Asao Kamei",
                    "email": "kamei@workspot.jp"
                }
            ],
            "description": "Validation and filtration for values such as form input.",
            "time": "2013-07-25 08:15:17"
        },
        {
            "name": "wscore/web",
            "version": "dev-master",
            "source": {
                "type": "git",
                "url": "https://github.com/asaokamei/WScore.Web.git",
                "reference": "ee7be4e963a3b801bfc314f2b61a938f404b1f5e"
            },
            "dist": {
                "type": "zip",
                "url": "https://api.github.com/repos/asaokamei/WScore.Web/zipball/ee7be4e963a3b801bfc314f2b61a938f404b1f5e",
                "reference": "ee7be4e963a3b801bfc314f2b61a938f404b1f5e",
                "shasum": ""
            },
            "require": {
                "wscore/dicontainer": "dev-master",
                "wscore/http": "dev-master",
                "wscore/template": "dev-master"
            },
            "type": "library",
            "autoload": {
                "psr-0": {
                    "WScore\\Response": "src/",
                    "WScore\\Web": "src/"
                }
            },
            "notification-url": "https://packagist.org/downloads/",
            "authors": [
                {
                    "name": "Asao Kamei",
                    "email": "kamei@workspot.jp"
                }
            ],
            "description": "Web application front-end dispatcher.",
            "time": "2013-08-13 11:28:31"
        }
    ],
    "packages-dev": [
        {
            "name": "classpreloader/classpreloader",
            "version": "1.0.0",
            "source": {
                "type": "git",
                "url": "https://github.com/mtdowling/ClassPreloader.git",
                "reference": "1.0.0"
            },
            "dist": {
                "type": "zip",
                "url": "https://api.github.com/repos/mtdowling/ClassPreloader/zipball/1.0.0",
                "reference": "1.0.0",
                "shasum": ""
            },
            "require": {
                "nikic/php-parser": "*",
                "php": ">=5.3.3",
                "symfony/console": ">2.0",
                "symfony/filesystem": ">2.0",
                "symfony/finder": ">2.0"
            },
            "bin": [
                "classpreloader.php"
            ],
            "type": "library",
            "autoload": {
                "psr-0": {
                    "ClassPreloader": "src/"
                }
            },
            "notification-url": "https://packagist.org/downloads/",
            "license": [
                "MIT"
            ],
            "description": "Helps class loading performance by generating a single PHP file containing all of the autoloaded files for a specific use case",
            "keywords": [
                "autoload",
                "class",
                "preload"
            ],
            "time": "2013-03-03 02:28:14"
        },
        {
            "name": "nikic/php-parser",
            "version": "dev-master",
            "source": {
                "type": "git",
                "url": "https://github.com/nikic/PHP-Parser.git",
                "reference": "3d467ca18ec08c5df2d5cad5c51442be148a7f21"
            },
            "dist": {
                "type": "zip",
                "url": "https://api.github.com/repos/nikic/PHP-Parser/zipball/3d467ca18ec08c5df2d5cad5c51442be148a7f21",
                "reference": "3d467ca18ec08c5df2d5cad5c51442be148a7f21",
                "shasum": ""
            },
            "require": {
                "php": ">=5.2"
            },
            "type": "library",
            "extra": {
                "branch-alias": {
                    "dev-master": "0.9-dev"
                }
            },
            "autoload": {
                "psr-0": {
                    "PHPParser": "lib/"
                }
            },
            "notification-url": "https://packagist.org/downloads/",
            "license": [
                "BSD-3-Clause"
            ],
            "authors": [
                {
                    "name": "Nikita Popov"
                }
            ],
            "description": "A PHP parser written in PHP",
            "keywords": [
                "parser",
                "php"
            ],
            "time": "2013-08-04 14:15:12"
        },
        {
            "name": "symfony/console",
            "version": "dev-master",
            "target-dir": "Symfony/Component/Console",
            "source": {
                "type": "git",
                "url": "https://github.com/symfony/Console.git",
                "reference": "bf382b256067b3b6c6c6950f6ff3158854388584"
            },
            "dist": {
                "type": "zip",
                "url": "https://api.github.com/repos/symfony/Console/zipball/bf382b256067b3b6c6c6950f6ff3158854388584",
                "reference": "bf382b256067b3b6c6c6950f6ff3158854388584",
                "shasum": ""
            },
            "require": {
                "php": ">=5.3.3"
            },
            "require-dev": {
                "symfony/event-dispatcher": "~2.1"
            },
            "suggest": {
                "symfony/event-dispatcher": ""
            },
            "type": "library",
            "extra": {
                "branch-alias": {
                    "dev-master": "2.4-dev"
                }
            },
            "autoload": {
                "psr-0": {
                    "Symfony\\Component\\Console\\": ""
                }
            },
            "notification-url": "https://packagist.org/downloads/",
            "license": [
                "MIT"
            ],
            "authors": [
                {
                    "name": "Fabien Potencier",
                    "email": "fabien@symfony.com"
                },
                {
                    "name": "Symfony Community",
                    "homepage": "http://symfony.com/contributors"
                }
            ],
            "description": "Symfony Console Component",
            "homepage": "http://symfony.com",
            "time": "2013-08-09 06:03:04"
        },
        {
            "name": "symfony/filesystem",
            "version": "dev-master",
            "target-dir": "Symfony/Component/Filesystem",
            "source": {
                "type": "git",
                "url": "https://github.com/symfony/Filesystem.git",
                "reference": "da0dcf60b7307f68667fecef8ccbb2b070bda7cf"
            },
            "dist": {
                "type": "zip",
                "url": "https://api.github.com/repos/symfony/Filesystem/zipball/da0dcf60b7307f68667fecef8ccbb2b070bda7cf",
                "reference": "da0dcf60b7307f68667fecef8ccbb2b070bda7cf",
                "shasum": ""
            },
            "require": {
                "php": ">=5.3.3"
            },
            "type": "library",
            "extra": {
                "branch-alias": {
                    "dev-master": "2.4-dev"
                }
            },
            "autoload": {
                "psr-0": {
                    "Symfony\\Component\\Filesystem\\": ""
                }
            },
            "notification-url": "https://packagist.org/downloads/",
            "license": [
                "MIT"
            ],
            "authors": [
                {
                    "name": "Fabien Potencier",
                    "email": "fabien@symfony.com"
                },
                {
                    "name": "Symfony Community",
                    "homepage": "http://symfony.com/contributors"
                }
            ],
            "description": "Symfony Filesystem Component",
            "homepage": "http://symfony.com",
            "time": "2013-08-09 07:26:54"
        },
        {
            "name": "symfony/finder",
            "version": "dev-master",
            "target-dir": "Symfony/Component/Finder",
            "source": {
                "type": "git",
                "url": "https://github.com/symfony/Finder.git",
                "reference": "6b6564a27b23daa5fa3dc12db7a4b0eeabf13f1f"
            },
            "dist": {
                "type": "zip",
                "url": "https://api.github.com/repos/symfony/Finder/zipball/6b6564a27b23daa5fa3dc12db7a4b0eeabf13f1f",
                "reference": "6b6564a27b23daa5fa3dc12db7a4b0eeabf13f1f",
                "shasum": ""
            },
            "require": {
                "php": ">=5.3.3"
            },
            "type": "library",
            "extra": {
                "branch-alias": {
                    "dev-master": "2.4-dev"
                }
            },
            "autoload": {
                "psr-0": {
                    "Symfony\\Component\\Finder\\": ""
                }
            },
            "notification-url": "https://packagist.org/downloads/",
            "license": [
                "MIT"
            ],
            "authors": [
                {
                    "name": "Fabien Potencier",
                    "email": "fabien@symfony.com"
                },
                {
                    "name": "Symfony Community",
                    "homepage": "http://symfony.com/contributors"
                }
            ],
            "description": "Symfony Finder Component",
            "homepage": "http://symfony.com",
            "time": "2013-07-21 20:19:01"
        }
    ],
    "aliases": [

    ],
    "minimum-stability": "dev",
    "stability-flags": {
        "wscore/dicontainer": 20,
        "wscore/web": 20,
        "wscore/cena": 20
    },
    "platform": [

    ],
    "platform-dev": [

    ]
}
