{
    "_readme": [
        "This file locks the dependencies of your project to a known state",
        "Read more about it at http://getcomposer.org/doc/01-basic-usage.md#composer-lock-the-lock-file"
    ],
    "hash": "e9e0815f713ebe92cd95160c8753fb6e",
    "packages": [
        {
            "name": "classpreloader/classpreloader",
            "version": "1.0.0",
            "source": {
                "type": "git",
                "url": "https://github.com/mtdowling/ClassPreloader.git",
                "reference": "1.0.0"
            },
            "dist": {
                "type": "zip",
                "url": "https://api.github.com/repos/mtdowling/ClassPreloader/zipball/1.0.0",
                "reference": "1.0.0",
                "shasum": ""
            },
            "require": {
                "nikic/php-parser": "*",
                "php": ">=5.3.3",
                "symfony/console": ">2.0",
                "symfony/filesystem": ">2.0",
                "symfony/finder": ">2.0"
            },
            "bin": [
                "classpreloader.php"
            ],
            "type": "library",
            "autoload": {
                "psr-0": {
                    "ClassPreloader": "src/"
                }
            },
            "notification-url": "https://packagist.org/downloads/",
            "license": [
                "MIT"
            ],
            "description": "Helps class loading performance by generating a single PHP file containing all of the autoloaded files for a specific use case",
            "keywords": [
                "autoload",
                "class",
                "preload"
            ],
            "time": "2013-03-03 02:28:14"
        },
        {
            "name": "michelf/php-markdown",
            "version": "1.3",
            "source": {
                "type": "git",
                "url": "https://github.com/michelf/php-markdown.git",
                "reference": "1.3"
            },
            "dist": {
                "type": "zip",
                "url": "https://api.github.com/repos/michelf/php-markdown/zipball/1.3",
                "reference": "1.3",
                "shasum": ""
            },
            "require": {
                "php": ">=5.3.0"
            },
            "type": "library",
            "extra": {
                "branch-alias": {
                    "dev-lib": "1.3.x-dev"
                }
            },
            "autoload": {
                "psr-0": {
                    "Michelf": ""
                }
            },
            "notification-url": "https://packagist.org/downloads/",
            "license": [
                "BSD-3-Clause"
            ],
            "authors": [
                {
                    "name": "Michel Fortin",
                    "email": "michel.fortin@michelf.ca",
                    "homepage": "http://michelf.ca/",
                    "role": "Developer"
                },
                {
                    "name": "John Gruber",
                    "homepage": "http://daringfireball.net/"
                }
            ],
            "description": "PHP Markdown",
            "homepage": "http://michelf.ca/projects/php-markdown/",
            "keywords": [
                "markdown"
            ],
            "time": "2013-04-11 18:53:11"
        },
        {
            "name": "monolog/monolog",
            "version": "1.5.0",
            "source": {
                "type": "git",
                "url": "https://github.com/Seldaek/monolog.git",
                "reference": "1.5.0"
            },
            "dist": {
                "type": "zip",
                "url": "https://api.github.com/repos/Seldaek/monolog/zipball/1.5.0",
                "reference": "1.5.0",
                "shasum": ""
            },
            "require": {
                "php": ">=5.3.0",
                "psr/log": ">=1.0,<2.0"
            },
            "require-dev": {
                "doctrine/couchdb": "dev-master",
                "mlehner/gelf-php": "1.0.*",
                "raven/raven": "0.3.*"
            },
            "suggest": {
                "doctrine/couchdb": "Allow sending log messages to a CouchDB server",
                "ext-amqp": "Allow sending log messages to an AMQP server (1.0+ required)",
                "ext-mongo": "Allow sending log messages to a MongoDB server",
                "mlehner/gelf-php": "Allow sending log messages to a GrayLog2 server",
                "raven/raven": "Allow sending log messages to a Sentry server"
            },
            "type": "library",
            "extra": {
                "branch-alias": {
                    "dev-master": "1.4.x-dev"
                }
            },
            "autoload": {
                "psr-0": {
                    "Monolog": "src/"
                }
            },
            "notification-url": "https://packagist.org/downloads/",
            "license": [
                "MIT"
            ],
            "authors": [
                {
                    "name": "Jordi Boggiano",
                    "email": "j.boggiano@seld.be",
                    "homepage": "http://seld.be",
                    "role": "Developer"
                }
            ],
            "description": "Sends your logs to files, sockets, inboxes, databases and various web services",
            "homepage": "http://github.com/Seldaek/monolog",
            "keywords": [
                "log",
                "logging",
                "psr-3"
            ],
            "time": "2013-04-23 10:09:48"
        },
        {
            "name": "nikic/php-parser",
            "version": "dev-master",
            "source": {
                "type": "git",
                "url": "https://github.com/nikic/PHP-Parser.git",
                "reference": "5ccf6196d6925e66568e3b8460c262e9512e4b92"
            },
            "dist": {
                "type": "zip",
                "url": "https://api.github.com/repos/nikic/PHP-Parser/zipball/5ccf6196d6925e66568e3b8460c262e9512e4b92",
                "reference": "5ccf6196d6925e66568e3b8460c262e9512e4b92",
                "shasum": ""
            },
            "require": {
                "php": ">=5.2"
            },
            "type": "library",
            "extra": {
                "branch-alias": {
                    "dev-master": "0.9-dev"
                }
            },
            "autoload": {
                "psr-0": {
                    "PHPParser": "lib/"
                }
            },
            "notification-url": "https://packagist.org/downloads/",
            "license": [
                "BSD-3-Clause"
            ],
            "authors": [
                {
                    "name": "Nikita Popov"
                }
            ],
            "description": "A PHP parser written in PHP",
            "keywords": [
                "parser",
                "php"
            ],
            "time": "2013-05-23 13:17:59"
        },
        {
            "name": "psr/log",
            "version": "1.0.0",
            "source": {
                "type": "git",
                "url": "https://github.com/php-fig/log",
                "reference": "1.0.0"
            },
            "dist": {
                "type": "zip",
                "url": "https://github.com/php-fig/log/archive/1.0.0.zip",
                "reference": "1.0.0",
                "shasum": ""
            },
            "type": "library",
            "autoload": {
                "psr-0": {
                    "Psr\\Log\\": ""
                }
            },
            "notification-url": "https://packagist.org/downloads/",
            "license": [
                "MIT"
            ],
            "authors": [
                {
                    "name": "PHP-FIG",
                    "homepage": "http://www.php-fig.org/"
                }
            ],
            "description": "Common interface for logging libraries",
            "keywords": [
                "log",
                "psr",
                "psr-3"
            ],
            "time": "2012-12-21 11:40:51"
        },
        {
            "name": "symfony/console",
            "version": "dev-master",
            "target-dir": "Symfony/Component/Console",
            "source": {
                "type": "git",
                "url": "https://github.com/symfony/Console.git",
                "reference": "699ccfc18fff7912c08021de878477f0724850b3"
            },
            "dist": {
                "type": "zip",
                "url": "https://api.github.com/repos/symfony/Console/zipball/699ccfc18fff7912c08021de878477f0724850b3",
                "reference": "699ccfc18fff7912c08021de878477f0724850b3",
                "shasum": ""
            },
            "require": {
                "php": ">=5.3.3"
            },
            "require-dev": {
                "symfony/event-dispatcher": ">=2.1,<3.0"
            },
            "suggest": {
                "symfony/event-dispatcher": ""
            },
            "type": "library",
            "extra": {
                "branch-alias": {
                    "dev-master": "2.4-dev"
                }
            },
            "autoload": {
                "psr-0": {
                    "Symfony\\Component\\Console\\": ""
                }
            },
            "notification-url": "https://packagist.org/downloads/",
            "license": [
                "MIT"
            ],
            "authors": [
                {
                    "name": "Fabien Potencier",
                    "email": "fabien@symfony.com"
                },
                {
                    "name": "Symfony Community",
                    "homepage": "http://symfony.com/contributors"
                }
            ],
            "description": "Symfony Console Component",
            "homepage": "http://symfony.com",
            "time": "2013-06-11 07:15:38"
        },
        {
            "name": "symfony/filesystem",
            "version": "dev-master",
            "target-dir": "Symfony/Component/Filesystem",
            "source": {
                "type": "git",
                "url": "https://github.com/symfony/Filesystem.git",
                "reference": "7975f9df488adbc9cef2089bac2887f14085481f"
            },
            "dist": {
                "type": "zip",
                "url": "https://api.github.com/repos/symfony/Filesystem/zipball/7975f9df488adbc9cef2089bac2887f14085481f",
                "reference": "7975f9df488adbc9cef2089bac2887f14085481f",
                "shasum": ""
            },
            "require": {
                "php": ">=5.3.3"
            },
            "type": "library",
            "extra": {
                "branch-alias": {
                    "dev-master": "2.4-dev"
                }
            },
            "autoload": {
                "psr-0": {
                    "Symfony\\Component\\Filesystem\\": ""
                }
            },
            "notification-url": "https://packagist.org/downloads/",
            "license": [
                "MIT"
            ],
            "authors": [
                {
                    "name": "Fabien Potencier",
                    "email": "fabien@symfony.com"
                },
                {
                    "name": "Symfony Community",
                    "homepage": "http://symfony.com/contributors"
                }
            ],
            "description": "Symfony Filesystem Component",
            "homepage": "http://symfony.com",
            "time": "2013-06-11 07:15:38"
        },
        {
            "name": "symfony/finder",
            "version": "dev-master",
            "target-dir": "Symfony/Component/Finder",
            "source": {
                "type": "git",
                "url": "https://github.com/symfony/Finder.git",
                "reference": "b709a80b766b47761ae1d1e27a6fa6b4e62dcf08"
            },
            "dist": {
                "type": "zip",
                "url": "https://api.github.com/repos/symfony/Finder/zipball/b709a80b766b47761ae1d1e27a6fa6b4e62dcf08",
                "reference": "b709a80b766b47761ae1d1e27a6fa6b4e62dcf08",
                "shasum": ""
            },
            "require": {
                "php": ">=5.3.3"
            },
            "type": "library",
            "extra": {
                "branch-alias": {
                    "dev-master": "2.4-dev"
                }
            },
            "autoload": {
                "psr-0": {
                    "Symfony\\Component\\Finder\\": ""
                }
            },
            "notification-url": "https://packagist.org/downloads/",
            "license": [
                "MIT"
            ],
            "authors": [
                {
                    "name": "Fabien Potencier",
                    "email": "fabien@symfony.com"
                },
                {
                    "name": "Symfony Community",
                    "homepage": "http://symfony.com/contributors"
                }
            ],
            "description": "Symfony Finder Component",
            "homepage": "http://symfony.com",
            "time": "2013-06-02 12:05:59"
        },
        {
            "name": "wscore/cena",
            "version": "dev-master",
            "source": {
                "type": "git",
                "url": "https://github.com/asaokamei/WScore.Cena.git",
                "reference": "9ade17365c1b21ed84c3dcc71e44e57db9cb7269"
            },
            "dist": {
                "type": "zip",
                "url": "https://api.github.com/repos/asaokamei/WScore.Cena/zipball/9ade17365c1b21ed84c3dcc71e44e57db9cb7269",
                "reference": "9ade17365c1b21ed84c3dcc71e44e57db9cb7269",
                "shasum": ""
            },
            "require": {
                "wscore/datamapper": "dev-master"
            },
            "type": "library",
            "autoload": {
                "psr-0": {
                    "WScore\\Cena": "src/"
                }
            },
            "notification-url": "https://packagist.org/downloads/",
            "authors": [
                {
                    "name": "Asao Kamei",
                    "email": "kamei@workspot.jp"
                }
            ],
            "description": "Resource oriented data transfer agent.",
            "time": "2013-05-29 21:29:15"
        },
        {
            "name": "wscore/datamapper",
            "version": "dev-master",
            "source": {
                "type": "git",
                "url": "https://github.com/asaokamei/WScore.DataMapper.git",
                "reference": "357c1137a14c7d4511b359ce93e23290ebda9f2a"
            },
            "dist": {
                "type": "zip",
                "url": "https://api.github.com/repos/asaokamei/WScore.DataMapper/zipball/357c1137a14c7d4511b359ce93e23290ebda9f2a",
                "reference": "357c1137a14c7d4511b359ce93e23290ebda9f2a",
                "shasum": ""
            },
            "require": {
                "wscore/dbaccess": "dev-master",
                "wscore/dicontainer": "dev-master",
                "wscore/html": "dev-master",
                "wscore/validation": "dev-master"
            },
            "type": "library",
            "autoload": {
                "psr-0": {
                    "WScore\\DataMapper": "src/",
                    "WScore\\Selector": "src/"
                }
            },
            "notification-url": "https://packagist.org/downloads/",
            "authors": [
                {
                    "name": "Asao Kamei",
                    "email": "kamei@workspot.jp"
                }
            ],
            "description": "DataMapper.",
            "time": "2013-05-05 08:15:29"
        },
        {
            "name": "wscore/dbaccess",
            "version": "dev-master",
            "source": {
                "type": "git",
                "url": "https://github.com/asaokamei/WScore.DbAccess.git",
                "reference": "d31d1061063f3d323807e99d031def458a497dab"
            },
            "dist": {
                "type": "zip",
                "url": "https://api.github.com/repos/asaokamei/WScore.DbAccess/zipball/d31d1061063f3d323807e99d031def458a497dab",
                "reference": "d31d1061063f3d323807e99d031def458a497dab",
                "shasum": ""
            },
            "require": {
                "psr/log": ">=1.0,<2.0"
            },
            "type": "library",
            "autoload": {
                "psr-0": {
                    "WScore\\DbAccess": "src/"
                }
            },
            "notification-url": "https://packagist.org/downloads/",
            "authors": [
                {
                    "name": "Asao Kamei",
                    "email": "kamei@workspot.jp"
                }
            ],
            "description": "Database access and query builder.",
            "time": "2013-06-13 12:13:16"
        },
        {
            "name": "wscore/dicontainer",
            "version": "dev-master",
            "source": {
                "type": "git",
                "url": "https://github.com/asaokamei/WScore.DiContainer.git",
                "reference": "6395f2bdca82f19edebcce7f54c0801dd2873cc1"
            },
            "dist": {
                "type": "zip",
                "url": "https://api.github.com/repos/asaokamei/WScore.DiContainer/zipball/6395f2bdca82f19edebcce7f54c0801dd2873cc1",
                "reference": "6395f2bdca82f19edebcce7f54c0801dd2873cc1",
                "shasum": ""
            },
            "type": "library",
            "autoload": {
                "psr-0": {
                    "WScore\\DiContainer": "src/"
                }
            },
            "notification-url": "https://packagist.org/downloads/",
            "authors": [
                {
                    "name": "Asao Kamei",
                    "email": "kamei@workspot.jp"
                }
            ],
            "description": "Simple DI container with auto-wiring.",
            "time": "2013-06-09 21:25:44"
        },
        {
            "name": "wscore/html",
            "version": "dev-master",
            "source": {
                "type": "git",
                "url": "https://github.com/asaokamei/WScore.Html.git",
                "reference": "f9d137bc2755c0cbf2a92216ad16126ab862e31b"
            },
            "dist": {
                "type": "zip",
                "url": "https://api.github.com/repos/asaokamei/WScore.Html/zipball/f9d137bc2755c0cbf2a92216ad16126ab862e31b",
                "reference": "f9d137bc2755c0cbf2a92216ad16126ab862e31b",
                "shasum": ""
            },
            "type": "library",
            "autoload": {
                "psr-0": {
                    "WScore\\Html": "src/"
                }
            },
            "notification-url": "https://packagist.org/downloads/",
            "authors": [
                {
                    "name": "Asao Kamei",
                    "email": "kamei@workspot.jp"
                }
            ],
            "description": "Html tag generator classes.",
            "time": "2013-04-03 00:21:06"
        },
        {
            "name": "wscore/http",
            "version": "dev-master",
            "source": {
                "type": "git",
                "url": "https://github.com/asaokamei/WScore.Http.git",
                "reference": "dc21b103d0c3040ca1744c3969f9c40d9416c1e1"
            },
            "dist": {
                "type": "zip",
                "url": "https://api.github.com/repos/asaokamei/WScore.Http/zipball/dc21b103d0c3040ca1744c3969f9c40d9416c1e1",
                "reference": "dc21b103d0c3040ca1744c3969f9c40d9416c1e1",
                "shasum": ""
            },
            "type": "library",
            "notification-url": "https://packagist.org/downloads/",
            "authors": [
                {
                    "name": "Asao",
                    "email": "kamei@workspot.jp"
                }
            ],
            "description": "classes for http.",
            "time": "2013-06-13 10:51:26"
        },
        {
            "name": "wscore/template",
            "version": "dev-master",
            "source": {
                "type": "git",
                "url": "https://github.com/asaokamei/WScore.Template.git",
                "reference": "ea701a72a7f84c96512f0fb575426498263f0302"
            },
            "dist": {
                "type": "zip",
                "url": "https://api.github.com/repos/asaokamei/WScore.Template/zipball/ea701a72a7f84c96512f0fb575426498263f0302",
                "reference": "ea701a72a7f84c96512f0fb575426498263f0302",
                "shasum": ""
            },
            "require": {
                "michelf/php-markdown": "1.3"
            },
            "type": "library",
            "autoload": {
                "psr-0": {
                    "WScore\\Template": "src/"
                }
            },
            "notification-url": "https://packagist.org/downloads/",
            "authors": [
                {
                    "name": "Asao Kamei",
                    "email": "kamei@workspot.jp"
                }
            ],
            "description": "A simple template engine using only PHP.",
            "time": "2013-04-20 03:25:46"
        },
        {
            "name": "wscore/validation",
            "version": "dev-master",
            "source": {
                "type": "git",
                "url": "https://github.com/asaokamei/WScore.Validation.git",
                "reference": "f0ac932a09ffa478704fc86b04181532d9c9b992"
            },
            "dist": {
                "type": "zip",
                "url": "https://api.github.com/repos/asaokamei/WScore.Validation/zipball/f0ac932a09ffa478704fc86b04181532d9c9b992",
                "reference": "f0ac932a09ffa478704fc86b04181532d9c9b992",
                "shasum": ""
            },
            "type": "library",
            "autoload": {
                "psr-0": {
                    "WScore\\Validation": "src/"
                }
            },
            "notification-url": "https://packagist.org/downloads/",
            "authors": [
                {
                    "name": "Asao Kamei",
                    "email": "kamei@workspot.jp"
                }
            ],
            "description": "Validation and filtration for values such as form input.",
            "time": "2013-05-25 02:39:47"
        },
        {
            "name": "wscore/web",
            "version": "dev-master",
            "source": {
                "type": "git",
                "url": "https://github.com/asaokamei/WScore.Web.git",
                "reference": "d853ae37882e03d11e1de9f4d6f05f778706acf3"
            },
            "dist": {
                "type": "zip",
                "url": "https://api.github.com/repos/asaokamei/WScore.Web/zipball/d853ae37882e03d11e1de9f4d6f05f778706acf3",
                "reference": "d853ae37882e03d11e1de9f4d6f05f778706acf3",
                "shasum": ""
            },
            "require": {
                "wscore/dicontainer": "dev-master",
                "wscore/http": "dev-master",
                "wscore/template": "dev-master"
            },
            "type": "library",
            "autoload": {
                "psr-0": {
                    "WScore\\Web": "src/"
                }
            },
            "notification-url": "https://packagist.org/downloads/",
            "authors": [
                {
                    "name": "Asao Kamei",
                    "email": "kamei@workspot.jp"
                }
            ],
            "description": "Web application front-end dispatcher.",
            "time": "2013-06-13 10:53:06"
        }
    ],
    "packages-dev": [

    ],
    "aliases": [

    ],
    "minimum-stability": "dev",
    "stability-flags": {
        "wscore/dicontainer": 20,
        "wscore/web": 20,
        "wscore/cena": 20
    },
    "platform": [

    ],
    "platform-dev": [

    ]
}
