{
    "hash": "749be4e83d66a862f34f59ecdcdb2007",
    "packages": [
        {
            "name": "twitter/bootstrap",
            "version": "master",
            "source": {
                "type": "git",
                "url": "https://github.com/twitter/bootstrap.git",
                "reference": "master"
            },
            "dist": {
                "type": "zip",
                "url": "https://github.com/twitter/bootstrap/zipball/master",
                "reference": null,
                "shasum": null
            },
            "type": "library",
            "time": "2013-02-08 06:13:13"
        },
        {
            "name": "wscore/dicontainer",
            "version": "dev-master",
            "source": {
                "type": "git",
                "url": "https://github.com/asaokamei/WScore.DiContainer.git",
                "reference": "4d71cc24f92d311466ec70ad448bd46fa186e047"
            },
            "dist": {
                "type": "zip",
                "url": "https://api.github.com/repos/asaokamei/WScore.DiContainer/zipball/4d71cc24f92d311466ec70ad448bd46fa186e047",
                "reference": "4d71cc24f92d311466ec70ad448bd46fa186e047",
                "shasum": ""
            },
            "time": "2013-02-19 06:53:08",
            "type": "library",
            "autoload": {
                "psr-0": {
                    "WScore\\DiContainer": "src/"
                }
            },
            "notification-url": "https://packagist.org/downloads/",
            "authors": [
                {
                    "name": "Asao Kamei",
                    "email": "kamei@workspot.jp"
                }
            ],
            "description": "Simple DI container with auto-wiring."
        },
        {
            "name": "wscore/html",
            "version": "dev-master",
            "source": {
                "type": "git",
                "url": "https://github.com/asaokamei/WScore.Html.git",
                "reference": "19a899d96dc26f23229aee97a97ce9d53f2d9e66"
            },
            "dist": {
                "type": "zip",
                "url": "https://api.github.com/repos/asaokamei/WScore.Html/zipball/19a899d96dc26f23229aee97a97ce9d53f2d9e66",
                "reference": "19a899d96dc26f23229aee97a97ce9d53f2d9e66",
                "shasum": ""
            },
            "time": "2013-02-19 06:59:09",
            "type": "library",
            "autoload": {
                "psr-0": {
                    "WScore\\Html": "src/"
                }
            },
            "notification-url": "https://packagist.org/downloads/",
            "authors": [
                {
                    "name": "Asao Kamei",
                    "email": "kamei@workspot.jp"
                }
            ],
            "description": "Html tag generator classes."
        },
        {
            "name": "wscore/template",
            "version": "dev-master",
            "source": {
                "type": "git",
                "url": "https://github.com/asaokamei/WScore.Template.git",
                "reference": "3e984238514579c24940406c04af2586125204cc"
            },
            "dist": {
                "type": "zip",
                "url": "https://api.github.com/repos/asaokamei/WScore.Template/zipball/3e984238514579c24940406c04af2586125204cc",
                "reference": "3e984238514579c24940406c04af2586125204cc",
                "shasum": ""
            },
            "time": "2013-02-19 06:56:33",
            "type": "library",
            "autoload": {
                "psr-0": {
                    "WScore\\Template": "src/"
                }
            },
            "notification-url": "https://packagist.org/downloads/",
            "authors": [
                {
                    "name": "Asao Kamei",
                    "email": "kamei@workspot.jp"
                }
            ],
            "description": "A simple template engine using only PHP."
        }
    ],
    "packages-dev": null,
    "aliases": [

    ],
    "minimum-stability": "dev",
    "stability-flags": {
        "wscore/dicontainer": 20,
        "wscore/html": 20,
        "twitter/bootstrap": 20,
        "wscore/template": 20
    }
}
